<?xml version="1.0" encoding="utf-8"?>
<Project ToolsVersion="4.0" xmlns="http://schemas.microsoft.com/developer/msbuild/2003">
  <ItemGroup>
    <Filter Include="Source Files">
      <UniqueIdentifier>{4FC737F1-C7A5-4376-A066-2A32D752A2FF}</UniqueIdentifier>
      <Extensions>cpp;c;cc;cxx;c++;cppm;ixx;def;odl;idl;hpj;bat;asm;asmx</Extensions>
    </Filter>
    <Filter Include="Header Files">
      <UniqueIdentifier>{93995380-89BD-4b04-88EB-625FBE52EBFB}</UniqueIdentifier>
      <Extensions>h;hh;hpp;hxx;h++;hm;inl;inc;ipp;xsd</Extensions>
    </Filter>
    <Filter Include="Resource Files">
      <UniqueIdentifier>{67DA6AB6-F800-4c08-8B7A-83BB121AAD01}</UniqueIdentifier>
      <Extensions>rc;ico;cur;bmp;dlg;rc2;rct;bin;rgs;gif;jpg;jpeg;jpe;resx;tiff;tif;png;wav;mfcribbon-ms</Extensions>
    </Filter>
    <Filter Include="Header Files\d2ce">
      <UniqueIdentifier>{7b1af52d-8826-4a4b-bc49-56d093b69080}</UniqueIdentifier>
    </Filter>
    <Filter Include="Source Files\d2ce">
      <UniqueIdentifier>{2906c093-06d9-4c85-9606-bc86cad93813}</UniqueIdentifier>
    </Filter>
    <Filter Include="examples">
      <UniqueIdentifier>{8e4fdd13-8ce9-48f3-8e6e-35ecfd08397b}</UniqueIdentifier>
    </Filter>
    <Filter Include="examples\char">
      <UniqueIdentifier>{0d798dc2-3a50-40e1-a088-98509b54299e}</UniqueIdentifier>
    </Filter>
    <Filter Include="examples\char\96">
      <UniqueIdentifier>{6d05878d-8c44-456d-a600-4fefa910805f}</UniqueIdentifier>
    </Filter>
    <Filter Include="examples\char\97">
      <UniqueIdentifier>{77c067de-5b9a-477b-bf9e-b11dc153c4b5}</UniqueIdentifier>
    </Filter>
    <Filter Include="examples\char\87">
      <UniqueIdentifier>{0e4435bc-b6b6-49d4-ad9e-b8eddf021df2}</UniqueIdentifier>
    </Filter>
    <Filter Include="examples\char\89">
      <UniqueIdentifier>{1a7d4c28-c7db-40d6-9017-bb9736485c65}</UniqueIdentifier>
    </Filter>
    <Filter Include="examples\char\92">
      <UniqueIdentifier>{bc28abbe-cbc3-4a4c-a07e-47052e8ca9d1}</UniqueIdentifier>
    </Filter>
    <Filter Include="Source Files\jsoncpp">
      <UniqueIdentifier>{cdd78fbb-75bb-4f80-b4c8-a93fc13abe0c}</UniqueIdentifier>
    </Filter>
    <Filter Include="Header Files\jsoncpp">
      <UniqueIdentifier>{b08d97ef-02a3-4b4f-b8a2-c4f1f8e82b3a}</UniqueIdentifier>
    </Filter>
    <Filter Include="Header Files\rapidcsv">
      <UniqueIdentifier>{0998a2a1-21f9-494f-973c-eef65f8ecd3a}</UniqueIdentifier>
    </Filter>
    <Filter Include="examples\char\71">
      <UniqueIdentifier>{de6613e1-4101-4787-a1e4-dc75b26f4e09}</UniqueIdentifier>
    </Filter>
    <Filter Include="Header Files\utf8">
      <UniqueIdentifier>{feedc9fd-9051-4a7e-adc7-36805e865a30}</UniqueIdentifier>
    </Filter>
    <Filter Include="Header Files\d2ce\Helpers">
      <UniqueIdentifier>{751d65d6-f40a-4dce-bfe9-194ef8b95b18}</UniqueIdentifier>
    </Filter>
    <Filter Include="Source Files\d2ce\Helpers">
      <UniqueIdentifier>{42ec4500-75b4-4963-8c26-0e6372cfe0be}</UniqueIdentifier>
    </Filter>
    <Filter Include="examples\char\98">
      <UniqueIdentifier>{446f5d98-5c54-48d9-bce1-89130273e74c}</UniqueIdentifier>
    </Filter>
  </ItemGroup>
  <ItemGroup>
    <ClCompile Include="D2EditorTests.cpp">
      <Filter>Source Files</Filter>
    </ClCompile>
    <ClCompile Include="pch.cpp">
      <Filter>Source Files</Filter>
    </ClCompile>
    <ClCompile Include="..\d2ce\ActsInfo.cpp">
      <Filter>Source Files\d2ce</Filter>
    </ClCompile>
    <ClCompile Include="..\d2ce\Character.cpp">
      <Filter>Source Files\d2ce</Filter>
    </ClCompile>
    <ClCompile Include="..\d2ce\CharacterStats.cpp">
      <Filter>Source Files\d2ce</Filter>
    </ClCompile>
    <ClCompile Include="..\d2ce\Item.cpp">
      <Filter>Source Files\d2ce</Filter>
    </ClCompile>
    <ClCompile Include="..\d2ce\Mercenary.cpp">
      <Filter>Source Files\d2ce</Filter>
    </ClCompile>
    <ClCompile Include="..\d2ce\thirdparty\jsoncpp\src\lib_json\json_reader.cpp">
      <Filter>Source Files\jsoncpp</Filter>
    </ClCompile>
    <ClCompile Include="..\d2ce\thirdparty\jsoncpp\src\lib_json\json_value.cpp">
      <Filter>Source Files\jsoncpp</Filter>
    </ClCompile>
    <ClCompile Include="..\d2ce\thirdparty\jsoncpp\src\lib_json\json_writer.cpp">
      <Filter>Source Files\jsoncpp</Filter>
    </ClCompile>
    <ClCompile Include="..\d2ce\SharedStash.cpp">
      <Filter>Source Files\d2ce</Filter>
    </ClCompile>
    <ClCompile Include="..\d2ce\helpers\DefaultTxtReader.cpp">
      <Filter>Source Files\d2ce\Helpers</Filter>
    </ClCompile>
    <ClCompile Include="..\d2ce\helpers\ItemHelpers.cpp">
      <Filter>Source Files\d2ce\Helpers</Filter>
    </ClCompile>
    <ClCompile Include="..\d2ce\helpers\ItemGemsJson.cpp">
      <Filter>Source Files\d2ce\Helpers</Filter>
    </ClCompile>
    <ClCompile Include="..\d2ce\helpers\ItemNameAffixesJson.cpp">
      <Filter>Source Files\d2ce\Helpers</Filter>
    </ClCompile>
    <ClCompile Include="..\d2ce\helpers\ItemNamesJson.cpp">
      <Filter>Source Files\d2ce\Helpers</Filter>
    </ClCompile>
    <ClCompile Include="..\d2ce\helpers\ItemRunesJson.cpp">
      <Filter>Source Files\d2ce\Helpers</Filter>
    </ClCompile>
    <ClCompile Include="..\d2ce\helpers\MercenariesJson.cpp">
      <Filter>Source Files\d2ce\Helpers</Filter>
    </ClCompile>
    <ClCompile Include="..\d2ce\helpers\MonstersJson.cpp">
      <Filter>Source Files\d2ce\Helpers</Filter>
    </ClCompile>
    <ClCompile Include="..\d2ce\helpers\QuestsJson.cpp">
      <Filter>Source Files\d2ce\Helpers</Filter>
    </ClCompile>
    <ClCompile Include="..\d2ce\helpers\SkillsJson.cpp">
      <Filter>Source Files\d2ce\Helpers</Filter>
    </ClCompile>
    <ClCompile Include="..\d2ce\helpers\UIJson.cpp">
      <Filter>Source Files\d2ce\Helpers</Filter>
    </ClCompile>
    <ClCompile Include="..\d2ce\helpers\ItemModifiersJson.cpp">
      <Filter>Source Files\d2ce\Helpers</Filter>
    </ClCompile>
    <ClCompile Include="..\d2ce\helpers\CharStatsTxt.cpp">
      <Filter>Source Files\d2ce\Helpers</Filter>
    </ClCompile>
    <ClCompile Include="..\d2ce\helpers\PlayerClassTxt.cpp">
      <Filter>Source Files\d2ce\Helpers</Filter>
    </ClCompile>
    <ClCompile Include="..\d2ce\helpers\ExperienceTxt.cpp">
      <Filter>Source Files\d2ce\Helpers</Filter>
    </ClCompile>
    <ClCompile Include="..\d2ce\helpers\HirelingTxt.cpp">
      <Filter>Source Files\d2ce\Helpers</Filter>
    </ClCompile>
    <ClCompile Include="..\d2ce\helpers\ItemStatCostTxt.cpp">
      <Filter>Source Files\d2ce\Helpers</Filter>
    </ClCompile>
    <ClCompile Include="..\d2ce\helpers\ItemTypesTxt.cpp">
      <Filter>Source Files\d2ce\Helpers</Filter>
    </ClCompile>
    <ClCompile Include="..\d2ce\helpers\PropertiesTxt.cpp">
      <Filter>Source Files\d2ce\Helpers</Filter>
    </ClCompile>
    <ClCompile Include="..\d2ce\helpers\GemsTxt.cpp">
      <Filter>Source Files\d2ce\Helpers</Filter>
    </ClCompile>
    <ClCompile Include="..\d2ce\helpers\BeltsTxt.cpp">
      <Filter>Source Files\d2ce\Helpers</Filter>
    </ClCompile>
    <ClCompile Include="..\d2ce\helpers\ArmorTxt.cpp">
      <Filter>Source Files\d2ce\Helpers</Filter>
    </ClCompile>
    <ClCompile Include="..\d2ce\helpers\WeaponsTxt.cpp">
      <Filter>Source Files\d2ce\Helpers</Filter>
    </ClCompile>
    <ClCompile Include="..\d2ce\helpers\MiscTxt.cpp">
      <Filter>Source Files\d2ce\Helpers</Filter>
    </ClCompile>
    <ClCompile Include="..\d2ce\helpers\MagicPrefixTxt.cpp">
      <Filter>Source Files\d2ce\Helpers</Filter>
    </ClCompile>
    <ClCompile Include="..\d2ce\helpers\MagicSuffixTxt.cpp">
      <Filter>Source Files\d2ce\Helpers</Filter>
    </ClCompile>
    <ClCompile Include="..\d2ce\helpers\RarePrefixTxt.cpp">
      <Filter>Source Files\d2ce\Helpers</Filter>
    </ClCompile>
    <ClCompile Include="..\d2ce\helpers\RareSuffixTxt.cpp">
      <Filter>Source Files\d2ce\Helpers</Filter>
    </ClCompile>
    <ClCompile Include="..\d2ce\helpers\UniqueItemsTxt.cpp">
      <Filter>Source Files\d2ce\Helpers</Filter>
    </ClCompile>
    <ClCompile Include="..\d2ce\helpers\SetsTxt.cpp">
      <Filter>Source Files\d2ce\Helpers</Filter>
    </ClCompile>
    <ClCompile Include="..\d2ce\helpers\SetItemsTxt.cpp">
      <Filter>Source Files\d2ce\Helpers</Filter>
    </ClCompile>
    <ClCompile Include="..\d2ce\helpers\RunesTxt.cpp">
      <Filter>Source Files\d2ce\Helpers</Filter>
    </ClCompile>
    <ClCompile Include="..\d2ce\helpers\SkillsTxt.cpp">
      <Filter>Source Files\d2ce\Helpers</Filter>
    </ClCompile>
    <ClCompile Include="..\d2ce\helpers\SkillDescTxt.cpp">
      <Filter>Source Files\d2ce\Helpers</Filter>
    </ClCompile>
    <ClCompile Include="..\d2ce\helpers\LevelsJson.cpp">
      <Filter>Source Files\d2ce\Helpers</Filter>
    </ClCompile>
  </ItemGroup>
  <ItemGroup>
    <ClInclude Include="pch.h">
      <Filter>Header Files</Filter>
    </ClInclude>
    <ClInclude Include="..\d2ce\ActsInfo.h">
      <Filter>Header Files\d2ce</Filter>
    </ClInclude>
    <ClInclude Include="..\d2ce\bitmask.hpp">
      <Filter>Header Files\d2ce</Filter>
    </ClInclude>
    <ClInclude Include="..\d2ce\Character.h">
      <Filter>Header Files\d2ce</Filter>
    </ClInclude>
    <ClInclude Include="..\d2ce\CharacterConstants.h">
      <Filter>Header Files\d2ce</Filter>
    </ClInclude>
    <ClInclude Include="..\d2ce\CharacterStats.h">
      <Filter>Header Files\d2ce</Filter>
    </ClInclude>
    <ClInclude Include="..\d2ce\CharacterStatsConstants.h">
      <Filter>Header Files\d2ce</Filter>
    </ClInclude>
    <ClInclude Include="..\d2ce\Constants.h">
      <Filter>Header Files\d2ce</Filter>
    </ClInclude>
    <ClInclude Include="..\d2ce\DataTypes.h">
      <Filter>Header Files\d2ce</Filter>
    </ClInclude>
    <ClInclude Include="..\d2ce\ExperienceConstants.h">
      <Filter>Header Files\d2ce</Filter>
    </ClInclude>
    <ClInclude Include="..\d2ce\Item.h">
      <Filter>Header Files\d2ce</Filter>
    </ClInclude>
    <ClInclude Include="..\d2ce\ItemConstants.h">
      <Filter>Header Files\d2ce</Filter>
    </ClInclude>
    <ClInclude Include="..\d2ce\SkillConstants.h">
      <Filter>Header Files\d2ce</Filter>
    </ClInclude>
    <ClInclude Include="..\d2ce\WaypointConstants.h">
      <Filter>Header Files\d2ce</Filter>
    </ClInclude>
    <ClInclude Include="..\d2ce\Mercenary.h">
      <Filter>Header Files\d2ce</Filter>
    </ClInclude>
    <ClInclude Include="..\d2ce\MercenaryConstants.h">
      <Filter>Header Files\d2ce</Filter>
    </ClInclude>
    <ClInclude Include="..\d2ce\thirdparty\jsoncpp\include\json\allocator.h">
      <Filter>Header Files\jsoncpp</Filter>
    </ClInclude>
    <ClInclude Include="..\d2ce\thirdparty\jsoncpp\include\json\assertions.h">
      <Filter>Header Files\jsoncpp</Filter>
    </ClInclude>
    <ClInclude Include="..\d2ce\thirdparty\jsoncpp\include\json\config.h">
      <Filter>Header Files\jsoncpp</Filter>
    </ClInclude>
    <ClInclude Include="..\d2ce\thirdparty\jsoncpp\include\json\forwards.h">
      <Filter>Header Files\jsoncpp</Filter>
    </ClInclude>
    <ClInclude Include="..\d2ce\thirdparty\jsoncpp\include\json\json.h">
      <Filter>Header Files\jsoncpp</Filter>
    </ClInclude>
    <ClInclude Include="..\d2ce\thirdparty\jsoncpp\include\json\json_features.h">
      <Filter>Header Files\jsoncpp</Filter>
    </ClInclude>
    <ClInclude Include="..\d2ce\thirdparty\jsoncpp\include\json\reader.h">
      <Filter>Header Files\jsoncpp</Filter>
    </ClInclude>
    <ClInclude Include="..\d2ce\thirdparty\jsoncpp\include\json\value.h">
      <Filter>Header Files\jsoncpp</Filter>
    </ClInclude>
    <ClInclude Include="..\d2ce\thirdparty\jsoncpp\include\json\version.h">
      <Filter>Header Files\jsoncpp</Filter>
    </ClInclude>
    <ClInclude Include="..\d2ce\thirdparty\jsoncpp\include\json\writer.h">
      <Filter>Header Files\jsoncpp</Filter>
    </ClInclude>
    <ClInclude Include="..\d2ce\thirdparty\jsoncpp\src\lib_json\json_tool.h">
      <Filter>Header Files\jsoncpp</Filter>
    </ClInclude>
    <ClInclude Include="..\d2ce\thirdparty\jsoncpp\include\json\historic_map.h">
      <Filter>Header Files\jsoncpp</Filter>
    </ClInclude>
    <ClInclude Include="..\d2ce\thirdparty\rapidcsv\include\rapidcsv\rapidcsv.h">
      <Filter>Header Files\rapidcsv</Filter>
    </ClInclude>
    <ClInclude Include="..\d2ce\SharedStash.h">
      <Filter>Header Files\d2ce</Filter>
    </ClInclude>
    <ClInclude Include="..\d2ce\thirdparty\utf8\include\utf8\utf8.h">
      <Filter>Header Files\utf8</Filter>
    </ClInclude>
    <ClInclude Include="..\d2ce\thirdparty\utf8\include\utf8\utf8\checked.h">
      <Filter>Header Files\utf8</Filter>
    </ClInclude>
    <ClInclude Include="..\d2ce\thirdparty\utf8\include\utf8\utf8\core.h">
      <Filter>Header Files\utf8</Filter>
    </ClInclude>
    <ClInclude Include="..\d2ce\thirdparty\utf8\include\utf8\utf8\cpp17.h">
      <Filter>Header Files\utf8</Filter>
    </ClInclude>
    <ClInclude Include="..\d2ce\thirdparty\utf8\include\utf8\utf8\unchecked.h">
      <Filter>Header Files\utf8</Filter>
    </ClInclude>
    <ClInclude Include="..\d2ce\helpers\DefaultTxtReader.h">
      <Filter>Header Files\d2ce\Helpers</Filter>
    </ClInclude>
    <ClInclude Include="..\d2ce\helpers\ItemHelpers.h">
      <Filter>Header Files\d2ce\Helpers</Filter>
    </ClInclude>
  </ItemGroup>
  <ItemGroup>
    <CustomBuild Include="..\examples\chars\96\Merlina.d2s">
      <Filter>examples\char\96</Filter>
    </CustomBuild>
    <CustomBuild Include="..\examples\chars\96\Merlina.json">
      <Filter>examples\char\96</Filter>
    </CustomBuild>
    <CustomBuild Include="..\examples\chars\96\Walter.d2s">
      <Filter>examples\char\96</Filter>
    </CustomBuild>
    <CustomBuild Include="..\examples\chars\96\Walter.json">
      <Filter>examples\char\96</Filter>
    </CustomBuild>
    <CustomBuild Include="..\examples\chars\96\WhirlWind.d2s">
      <Filter>examples\char\96</Filter>
    </CustomBuild>
    <CustomBuild Include="..\examples\chars\96\WhirlWind.json">
      <Filter>examples\char\96</Filter>
    </CustomBuild>
    <CustomBuild Include="..\examples\chars\96\Merlina_Two.d2s">
      <Filter>examples\char\96</Filter>
    </CustomBuild>
    <CustomBuild Include="..\examples\chars\96\Merlina_Two.json">
      <Filter>examples\char\96</Filter>
    </CustomBuild>
    <CustomBuild Include="..\examples\chars\97\Scroll_Test.d2s">
      <Filter>examples\char\97</Filter>
    </CustomBuild>
    <CustomBuild Include="..\examples\chars\97\Scroll_Test.json">
      <Filter>examples\char\97</Filter>
    </CustomBuild>
    <CustomBuild Include="..\examples\chars\87\testtt.d2s">
      <Filter>examples\char\87</Filter>
    </CustomBuild>
    <CustomBuild Include="..\examples\chars\87\testtt.json">
      <Filter>examples\char\87</Filter>
    </CustomBuild>
    <CustomBuild Include="..\examples\chars\89\fddfss.d2s">
      <Filter>examples\char\89</Filter>
    </CustomBuild>
    <CustomBuild Include="..\examples\chars\89\fddfss.json">
      <Filter>examples\char\89</Filter>
    </CustomBuild>
    <CustomBuild Include="..\examples\chars\92\afa.d2s">
      <Filter>examples\char\92</Filter>
    </CustomBuild>
    <CustomBuild Include="..\examples\chars\92\afa.json">
      <Filter>examples\char\92</Filter>
    </CustomBuild>
    <CustomBuild Include="..\examples\chars\92\sdfsf.d2s">
      <Filter>examples\char\92</Filter>
    </CustomBuild>
    <CustomBuild Include="..\examples\chars\92\sdfsf.json">
      <Filter>examples\char\92</Filter>
    </CustomBuild>
    <CustomBuild Include="..\examples\chars\97\MfBowzon.d2s">
      <Filter>examples\char\97</Filter>
    </CustomBuild>
    <CustomBuild Include="..\examples\chars\97\MfBowzon.json">
      <Filter>examples\char\97</Filter>
    </CustomBuild>
    <CustomBuild Include="..\examples\chars\97\test.d2s">
      <Filter>examples\char\97</Filter>
    </CustomBuild>
    <CustomBuild Include="..\examples\chars\97\test.json">
      <Filter>examples\char\97</Filter>
    </CustomBuild>
    <CustomBuild Include="..\examples\chars\96\WhirlWind_serialized.json">
      <Filter>examples\char\96</Filter>
    </CustomBuild>
    <CustomBuild Include="..\examples\chars\97\test_serialized.json">
      <Filter>examples\char\97</Filter>
    </CustomBuild>
    <CustomBuild Include="..\examples\chars\96\NokkaSorc.json">
      <Filter>examples\char\96</Filter>
    </CustomBuild>
    <CustomBuild Include="..\examples\chars\96\Complex.json">
      <Filter>examples\char\96</Filter>
    </CustomBuild>
    <CustomBuild Include="..\examples\chars\97\DannyIsGreatII.json">
      <Filter>examples\char\97</Filter>
    </CustomBuild>
    <CustomBuild Include="..\examples\chars\97\DannyIsGreat.d2s">
      <Filter>examples\char\97</Filter>
    </CustomBuild>
    <CustomBuild Include="..\examples\chars\97\DannyIsGreat_serialized.json">
      <Filter>examples\char\97</Filter>
    </CustomBuild>
    <CustomBuild Include="..\examples\chars\97\DannyIsGreatIII.json">
      <Filter>examples\char\97</Filter>
    </CustomBuild>
    <CustomBuild Include="..\examples\chars\97\DannyIsGreatIV.json">
      <Filter>examples\char\97</Filter>
    </CustomBuild>
    <CustomBuild Include="..\examples\chars\97\DannyIsGreatV.json">
      <Filter>examples\char\97</Filter>
    </CustomBuild>
    <CustomBuild Include="..\examples\chars\96\Fist_YoU.d2s">
      <Filter>examples\char\96</Filter>
    </CustomBuild>
    <CustomBuild Include="..\examples\chars\96\Fist_YoU.json">
      <Filter>examples\char\96</Filter>
    </CustomBuild>
    <CustomBuild Include="..\examples\chars\96\FukK_U.d2s">
      <Filter>examples\char\96</Filter>
    </CustomBuild>
    <CustomBuild Include="..\examples\chars\96\FukK_U.json">
      <Filter>examples\char\96</Filter>
    </CustomBuild>
    <CustomBuild Include="..\examples\chars\97\Walter.d2s">
      <Filter>examples\char\97</Filter>
    </CustomBuild>
    <CustomBuild Include="..\examples\chars\97\Walter_gem.json">
      <Filter>examples\char\97</Filter>
    </CustomBuild>
    <CustomBuild Include="..\examples\chars\71\Amazon.d2s">
      <Filter>examples\char\71</Filter>
    </CustomBuild>
    <CustomBuild Include="..\examples\chars\71\Amazon.json">
      <Filter>examples\char\71</Filter>
    </CustomBuild>
    <CustomBuild Include="..\examples\chars\71\Barbarian.d2s">
      <Filter>examples\char\71</Filter>
    </CustomBuild>
    <CustomBuild Include="..\examples\chars\71\Barbarian.json">
      <Filter>examples\char\71</Filter>
    </CustomBuild>
    <CustomBuild Include="..\examples\chars\71\Bow.d2s">
      <Filter>examples\char\71</Filter>
    </CustomBuild>
    <CustomBuild Include="..\examples\chars\71\Bow.json">
      <Filter>examples\char\71</Filter>
    </CustomBuild>
    <CustomBuild Include="..\examples\chars\71\Necromancer.d2s">
      <Filter>examples\char\71</Filter>
    </CustomBuild>
    <CustomBuild Include="..\examples\chars\71\Necromancer.json">
      <Filter>examples\char\71</Filter>
    </CustomBuild>
    <CustomBuild Include="..\examples\chars\71\Paladin.d2s">
      <Filter>examples\char\71</Filter>
    </CustomBuild>
    <CustomBuild Include="..\examples\chars\71\Paladin.json">
      <Filter>examples\char\71</Filter>
    </CustomBuild>
    <CustomBuild Include="..\examples\chars\71\Sorceress.d2s">
      <Filter>examples\char\71</Filter>
    </CustomBuild>
    <CustomBuild Include="..\examples\chars\71\Sorceress.json">
      <Filter>examples\char\71</Filter>
    </CustomBuild>
    <CustomBuild Include="..\examples\chars\97\Spartacus.json">
      <Filter>examples\char\97</Filter>
    </CustomBuild>
    <CustomBuild Include="..\examples\chars\97\Spartacus.d2s">
      <Filter>examples\char\97</Filter>
    </CustomBuild>
    <CustomBuild Include="..\examples\chars\97\Spartacus_II.d2s">
      <Filter>examples\char\97</Filter>
    </CustomBuild>
    <CustomBuild Include="..\examples\chars\97\Spartacus_II.json">
      <Filter>examples\char\97</Filter>
    </CustomBuild>
    <CustomBuild Include="..\examples\chars\97\Loradiel.d2s">
      <Filter>examples\char\97</Filter>
    </CustomBuild>
    <CustomBuild Include="..\examples\chars\97\Loradiel.json">
      <Filter>examples\char\97</Filter>
    </CustomBuild>
    <CustomBuild Include="..\examples\chars\71\Amazona.d2s">
      <Filter>examples\char\71</Filter>
    </CustomBuild>
    <CustomBuild Include="..\examples\chars\71\Amazona.json">
      <Filter>examples\char\71</Filter>
    </CustomBuild>
    <CustomBuild Include="..\examples\chars\71\Amazonb.d2s">
      <Filter>examples\char\71</Filter>
    </CustomBuild>
    <CustomBuild Include="..\examples\chars\71\Amazonb.json">
      <Filter>examples\char\71</Filter>
    </CustomBuild>
    <CustomBuild Include="..\examples\chars\71\Amazonc.d2s">
      <Filter>examples\char\71</Filter>
    </CustomBuild>
    <CustomBuild Include="..\examples\chars\71\Amazonc.json">
      <Filter>examples\char\71</Filter>
    </CustomBuild>
    <CustomBuild Include="..\examples\chars\71\Amazond.d2s">
      <Filter>examples\char\71</Filter>
    </CustomBuild>
    <CustomBuild Include="..\examples\chars\71\Amazond.json">
      <Filter>examples\char\71</Filter>
    </CustomBuild>
    <CustomBuild Include="..\examples\chars\71\Amazone.d2s">
      <Filter>examples\char\71</Filter>
    </CustomBuild>
    <CustomBuild Include="..\examples\chars\71\Amazone.json">
      <Filter>examples\char\71</Filter>
    </CustomBuild>
    <CustomBuild Include="..\examples\chars\71\Amazonf.d2s">
      <Filter>examples\char\71</Filter>
    </CustomBuild>
    <CustomBuild Include="..\examples\chars\71\Amazonf.json">
      <Filter>examples\char\71</Filter>
    </CustomBuild>
    <CustomBuild Include="..\examples\chars\71\Amazong.d2s">
      <Filter>examples\char\71</Filter>
    </CustomBuild>
    <CustomBuild Include="..\examples\chars\71\Amazong.json">
      <Filter>examples\char\71</Filter>
    </CustomBuild>
    <CustomBuild Include="..\examples\chars\71\Barbariana.d2s">
      <Filter>examples\char\71</Filter>
    </CustomBuild>
    <CustomBuild Include="..\examples\chars\71\Barbariana.json">
      <Filter>examples\char\71</Filter>
    </CustomBuild>
    <CustomBuild Include="..\examples\chars\98\Amazon.d2s">
      <Filter>examples\char\98</Filter>
    </CustomBuild>
    <CustomBuild Include="..\examples\chars\98\Amazon.json">
      <Filter>examples\char\98</Filter>
    </CustomBuild>
    <CustomBuild Include="..\examples\chars\98\Drui.d2s">
      <Filter>examples\char\98</Filter>
    </CustomBuild>
    <CustomBuild Include="..\examples\chars\98\Drui.json">
      <Filter>examples\char\98</Filter>
    </CustomBuild>
    <CustomBuild Include="..\examples\chars\98\Nicro.d2s">
      <Filter>examples\char\98</Filter>
    </CustomBuild>
    <CustomBuild Include="..\examples\chars\98\Nicro.json">
      <Filter>examples\char\98</Filter>
    </CustomBuild>
    <CustomBuild Include="..\examples\chars\98\Rose.d2s">
      <Filter>examples\char\98</Filter>
    </CustomBuild>
    <CustomBuild Include="..\examples\chars\98\Rose.json">
      <Filter>examples\char\98</Filter>
    </CustomBuild>
    <CustomBuild Include="..\examples\chars\98\Rui.d2s">
      <Filter>examples\char\98</Filter>
    </CustomBuild>
    <CustomBuild Include="..\examples\chars\98\Rui.json">
      <Filter>examples\char\98</Filter>
    </CustomBuild>
    <CustomBuild Include="..\examples\chars\98\Walter.d2s">
      <Filter>examples\char\98</Filter>
    </CustomBuild>
    <CustomBuild Include="..\examples\chars\98\Walter.json">
      <Filter>examples\char\98</Filter>
    </CustomBuild>
    <CustomBuild Include="..\examples\chars\98\任务完成信.d2s">
      <Filter>examples\char\98</Filter>
    </CustomBuild>
    <CustomBuild Include="..\examples\chars\98\任务完成信.json">
      <Filter>examples\char\98</Filter>
    </CustomBuild>
  </ItemGroup>
  <ItemGroup>
    <None Include="..\d2ce\thirdparty\jsoncpp\src\lib_json\json_valueiterator.inl">
      <Filter>Source Files\jsoncpp</Filter>
    </None>
    <None Include="..\d2ce\thirdparty\jsoncpp\LICENSE">
      <Filter>Header Files\jsoncpp</Filter>
    </None>
    <None Include="d2ce\thirdparty\rapidcsv\LICENSE">
      <Filter>Header Files\rapidcsv</Filter>
    </None>
    <None Include="..\d2ce\thirdparty\utf8\include\utf8\LICENSE">
      <Filter>Header Files\utf8</Filter>
    </None>
  </ItemGroup>
</Project>