<?xml version="1.0" encoding="utf-8"?>
<Project ToolsVersion="4.0" xmlns="http://schemas.microsoft.com/developer/msbuild/2003">
  <ItemGroup>
    <Filter Include="Source Files">
      <UniqueIdentifier>{4FC737F1-C7A5-4376-A066-2A32D752A2FF}</UniqueIdentifier>
      <Extensions>cpp;c;cc;cxx;c++;cppm;ixx;def;odl;idl;hpj;bat;asm;asmx</Extensions>
    </Filter>
    <Filter Include="Header Files">
      <UniqueIdentifier>{93995380-89BD-4b04-88EB-625FBE52EBFB}</UniqueIdentifier>
      <Extensions>h;hh;hpp;hxx;h++;hm;inl;inc;ipp;xsd</Extensions>
    </Filter>
    <Filter Include="Resource Files">
      <UniqueIdentifier>{67DA6AB6-F800-4c08-8B7A-83BB121AAD01}</UniqueIdentifier>
      <Extensions>rc;ico;cur;bmp;dlg;rc2;rct;bin;rgs;gif;jpg;jpeg;jpe;resx;tiff;tif;png;wav;mfcribbon-ms</Extensions>
    </Filter>
    <Filter Include="Header Files\d2ce">
      <UniqueIdentifier>{7b1af52d-8826-4a4b-bc49-56d093b69080}</UniqueIdentifier>
    </Filter>
    <Filter Include="Source Files\d2ce">
      <UniqueIdentifier>{2906c093-06d9-4c85-9606-bc86cad93813}</UniqueIdentifier>
    </Filter>
    <Filter Include="examples">
      <UniqueIdentifier>{8e4fdd13-8ce9-48f3-8e6e-35ecfd08397b}</UniqueIdentifier>
    </Filter>
    <Filter Include="examples\char">
      <UniqueIdentifier>{0d798dc2-3a50-40e1-a088-98509b54299e}</UniqueIdentifier>
    </Filter>
    <Filter Include="examples\char\96">
      <UniqueIdentifier>{6d05878d-8c44-456d-a600-4fefa910805f}</UniqueIdentifier>
    </Filter>
    <Filter Include="examples\char\97">
      <UniqueIdentifier>{77c067de-5b9a-477b-bf9e-b11dc153c4b5}</UniqueIdentifier>
    </Filter>
    <Filter Include="examples\char\87">
      <UniqueIdentifier>{0e4435bc-b6b6-49d4-ad9e-b8eddf021df2}</UniqueIdentifier>
    </Filter>
    <Filter Include="examples\char\89">
      <UniqueIdentifier>{1a7d4c28-c7db-40d6-9017-bb9736485c65}</UniqueIdentifier>
    </Filter>
    <Filter Include="examples\char\92">
      <UniqueIdentifier>{bc28abbe-cbc3-4a4c-a07e-47052e8ca9d1}</UniqueIdentifier>
    </Filter>
  </ItemGroup>
  <ItemGroup>
    <ClCompile Include="D2EditorTests.cpp">
      <Filter>Source Files</Filter>
    </ClCompile>
    <ClCompile Include="pch.cpp">
      <Filter>Source Files</Filter>
    </ClCompile>
    <ClCompile Include="..\d2ce\ActsInfo.cpp">
      <Filter>Source Files\d2ce</Filter>
    </ClCompile>
    <ClCompile Include="..\d2ce\Character.cpp">
      <Filter>Source Files\d2ce</Filter>
    </ClCompile>
    <ClCompile Include="..\d2ce\CharacterStats.cpp">
      <Filter>Source Files\d2ce</Filter>
    </ClCompile>
    <ClCompile Include="..\d2ce\Item.cpp">
      <Filter>Source Files\d2ce</Filter>
    </ClCompile>
    <ClCompile Include="..\d2ce\Mercenary.cpp">
      <Filter>Source Files\d2ce</Filter>
    </ClCompile>
  </ItemGroup>
  <ItemGroup>
    <ClInclude Include="pch.h">
      <Filter>Header Files</Filter>
    </ClInclude>
    <ClInclude Include="..\d2ce\ActsInfo.h">
      <Filter>Header Files\d2ce</Filter>
    </ClInclude>
    <ClInclude Include="..\d2ce\bitmask.hpp">
      <Filter>Header Files\d2ce</Filter>
    </ClInclude>
    <ClInclude Include="..\d2ce\Character.h">
      <Filter>Header Files\d2ce</Filter>
    </ClInclude>
    <ClInclude Include="..\d2ce\CharacterConstants.h">
      <Filter>Header Files\d2ce</Filter>
    </ClInclude>
    <ClInclude Include="..\d2ce\CharacterStats.h">
      <Filter>Header Files\d2ce</Filter>
    </ClInclude>
    <ClInclude Include="..\d2ce\CharacterStatsConstants.h">
      <Filter>Header Files\d2ce</Filter>
    </ClInclude>
    <ClInclude Include="..\d2ce\Constants.h">
      <Filter>Header Files\d2ce</Filter>
    </ClInclude>
    <ClInclude Include="..\d2ce\DataTypes.h">
      <Filter>Header Files\d2ce</Filter>
    </ClInclude>
    <ClInclude Include="..\d2ce\ExperienceConstants.h">
      <Filter>Header Files\d2ce</Filter>
    </ClInclude>
    <ClInclude Include="..\d2ce\Item.h">
      <Filter>Header Files\d2ce</Filter>
    </ClInclude>
    <ClInclude Include="..\d2ce\ItemConstants.h">
      <Filter>Header Files\d2ce</Filter>
    </ClInclude>
    <ClInclude Include="..\d2ce\SkillConstants.h">
      <Filter>Header Files\d2ce</Filter>
    </ClInclude>
    <ClInclude Include="..\d2ce\WaypointConstants.h">
      <Filter>Header Files\d2ce</Filter>
    </ClInclude>
    <ClInclude Include="..\d2ce\Mercenary.h">
      <Filter>Header Files\d2ce</Filter>
    </ClInclude>
    <ClInclude Include="..\d2ce\MercenaryConstants.h">
      <Filter>Header Files\d2ce</Filter>
    </ClInclude>
  </ItemGroup>
  <ItemGroup>
    <CustomBuild Include="..\examples\chars\96\Merlina.d2s">
      <Filter>examples\char\96</Filter>
    </CustomBuild>
    <CustomBuild Include="..\examples\chars\96\Merlina.json">
      <Filter>examples\char\96</Filter>
    </CustomBuild>
    <CustomBuild Include="..\examples\chars\96\Walter.d2s">
      <Filter>examples\char\96</Filter>
    </CustomBuild>
    <CustomBuild Include="..\examples\chars\96\Walter.json">
      <Filter>examples\char\96</Filter>
    </CustomBuild>
    <CustomBuild Include="..\examples\chars\96\WhirlWind.d2s">
      <Filter>examples\char\96</Filter>
    </CustomBuild>
    <CustomBuild Include="..\examples\chars\96\WhirlWind.json">
      <Filter>examples\char\96</Filter>
    </CustomBuild>
    <CustomBuild Include="..\examples\chars\96\Merlina_Two.d2s">
      <Filter>examples\char\96</Filter>
    </CustomBuild>
    <CustomBuild Include="..\examples\chars\96\Merlina_Two.json">
      <Filter>examples\char\96</Filter>
    </CustomBuild>
    <CustomBuild Include="..\examples\chars\97\Scroll_Test.d2s">
      <Filter>examples\char\97</Filter>
    </CustomBuild>
    <CustomBuild Include="..\examples\chars\97\Scroll_Test.json">
      <Filter>examples\char\97</Filter>
    </CustomBuild>
    <CustomBuild Include="..\examples\chars\87\testtt.d2s">
      <Filter>examples\char\87</Filter>
    </CustomBuild>
    <CustomBuild Include="..\examples\chars\87\testtt.json">
      <Filter>examples\char\87</Filter>
    </CustomBuild>
    <CustomBuild Include="..\examples\chars\89\fddfss.d2s">
      <Filter>examples\char\89</Filter>
    </CustomBuild>
    <CustomBuild Include="..\examples\chars\89\fddfss.json">
      <Filter>examples\char\89</Filter>
    </CustomBuild>
    <CustomBuild Include="..\examples\chars\92\afa.d2s">
      <Filter>examples\char\92</Filter>
    </CustomBuild>
    <CustomBuild Include="..\examples\chars\92\afa.json">
      <Filter>examples\char\92</Filter>
    </CustomBuild>
    <CustomBuild Include="..\examples\chars\92\sdfsf.d2s">
      <Filter>examples\char\92</Filter>
    </CustomBuild>
    <CustomBuild Include="..\examples\chars\92\sdfsf.json">
      <Filter>examples\char\92</Filter>
    </CustomBuild>
    <CustomBuild Include="..\examples\chars\97\MfBowzon.d2s">
      <Filter>examples\char\97</Filter>
    </CustomBuild>
    <CustomBuild Include="..\examples\chars\97\MfBowzon.json">
      <Filter>examples\char\97</Filter>
    </CustomBuild>
    <CustomBuild Include="..\examples\chars\97\test.d2s">
      <Filter>examples\char\97</Filter>
    </CustomBuild>
    <CustomBuild Include="..\examples\chars\97\test.json">
      <Filter>examples\char\97</Filter>
    </CustomBuild>
  </ItemGroup>
</Project>