<?xml version="1.0" encoding="utf-8"?>
<Project ToolsVersion="4.0" xmlns="http://schemas.microsoft.com/developer/msbuild/2003">
  <ItemGroup>
    <Filter Include="Source Files">
      <UniqueIdentifier>{4FC737F1-C7A5-4376-A066-2A32D752A2FF}</UniqueIdentifier>
      <Extensions>cpp;c;cc;cxx;c++;cppm;ixx;def;odl;idl;hpj;bat;asm;asmx</Extensions>
    </Filter>
    <Filter Include="Header Files">
      <UniqueIdentifier>{93995380-89BD-4b04-88EB-625FBE52EBFB}</UniqueIdentifier>
      <Extensions>h;hh;hpp;hxx;h++;hm;inl;inc;ipp;xsd</Extensions>
    </Filter>
    <Filter Include="Resource Files">
      <UniqueIdentifier>{67DA6AB6-F800-4c08-8B7A-83BB121AAD01}</UniqueIdentifier>
      <Extensions>rc;ico;cur;bmp;dlg;rc2;rct;bin;rgs;gif;jpg;jpeg;jpe;resx;tiff;tif;png;wav;mfcribbon-ms</Extensions>
    </Filter>
    <Filter Include="Header Files\d2ce">
      <UniqueIdentifier>{2b431b52-3681-4982-ade1-82382d455b66}</UniqueIdentifier>
    </Filter>
    <Filter Include="Source Files\d2ce">
      <UniqueIdentifier>{817a2518-8b00-48b6-bb76-9ea239b3c9b8}</UniqueIdentifier>
    </Filter>
  </ItemGroup>
  <ItemGroup>
    <ClInclude Include="D2Editor.h">
      <Filter>Header Files</Filter>
    </ClInclude>
    <ClInclude Include="D2MainForm.h">
      <Filter>Header Files</Filter>
    </ClInclude>
    <ClInclude Include="framework.h">
      <Filter>Header Files</Filter>
    </ClInclude>
    <ClInclude Include="targetver.h">
      <Filter>Header Files</Filter>
    </ClInclude>
    <ClInclude Include="resource.h">
      <Filter>Header Files</Filter>
    </ClInclude>
    <ClInclude Include="pch.h">
      <Filter>Header Files</Filter>
    </ClInclude>
    <ClInclude Include="MainFormConstants.h">
      <Filter>Header Files</Filter>
    </ClInclude>
    <ClInclude Include="D2LevelInfoForm.h">
      <Filter>Header Files</Filter>
    </ClInclude>
    <ClInclude Include="D2WaypointsForm.h">
      <Filter>Header Files</Filter>
    </ClInclude>
    <ClInclude Include="D2QuestsForm.h">
      <Filter>Header Files</Filter>
    </ClInclude>
    <ClInclude Include="D2SkillTreeForm.h">
      <Filter>Header Files</Filter>
    </ClInclude>
    <ClInclude Include="D2GemsForm.h">
      <Filter>Header Files</Filter>
    </ClInclude>
    <ClInclude Include="d2ce\ActsInfo.h">
      <Filter>Header Files\d2ce</Filter>
    </ClInclude>
    <ClInclude Include="d2ce\bitmask.hpp">
      <Filter>Header Files\d2ce</Filter>
    </ClInclude>
    <ClInclude Include="d2ce\Character.h">
      <Filter>Header Files\d2ce</Filter>
    </ClInclude>
    <ClInclude Include="d2ce\CharacterConstants.h">
      <Filter>Header Files\d2ce</Filter>
    </ClInclude>
    <ClInclude Include="d2ce\CharacterStats.h">
      <Filter>Header Files\d2ce</Filter>
    </ClInclude>
    <ClInclude Include="d2ce\Constants.h">
      <Filter>Header Files\d2ce</Filter>
    </ClInclude>
    <ClInclude Include="d2ce\ExperienceConstants.h">
      <Filter>Header Files\d2ce</Filter>
    </ClInclude>
    <ClInclude Include="d2ce\DataTypes.h">
      <Filter>Header Files\d2ce</Filter>
    </ClInclude>
    <ClInclude Include="d2ce\SkillConstants.h">
      <Filter>Header Files\d2ce</Filter>
    </ClInclude>
    <ClInclude Include="d2ce\ItemConstants.h">
      <Filter>Header Files\d2ce</Filter>
    </ClInclude>
    <ClInclude Include="d2ce\Item.h">
      <Filter>Header Files\d2ce</Filter>
    </ClInclude>
    <ClInclude Include="d2ce\WaypointConstants.h">
      <Filter>Header Files\d2ce</Filter>
    </ClInclude>
    <ClInclude Include="d2ce\CharacterStatsConstants.h">
      <Filter>Header Files\d2ce</Filter>
    </ClInclude>
  </ItemGroup>
  <ItemGroup>
    <ClCompile Include="D2Editor.cpp">
      <Filter>Source Files</Filter>
    </ClCompile>
    <ClCompile Include="D2MainForm.cpp">
      <Filter>Source Files</Filter>
    </ClCompile>
    <ClCompile Include="pch.cpp">
      <Filter>Source Files</Filter>
    </ClCompile>
    <ClCompile Include="D2LevelInfoForm.cpp">
      <Filter>Source Files</Filter>
    </ClCompile>
    <ClCompile Include="D2WaypointsForm.cpp">
      <Filter>Source Files</Filter>
    </ClCompile>
    <ClCompile Include="D2QuestsForm.cpp">
      <Filter>Source Files</Filter>
    </ClCompile>
    <ClCompile Include="D2SkillTreeForm.cpp">
      <Filter>Source Files</Filter>
    </ClCompile>
    <ClCompile Include="D2GemsForm.cpp">
      <Filter>Source Files</Filter>
    </ClCompile>
    <ClCompile Include="d2ce\ActsInfo.cpp">
      <Filter>Source Files\d2ce</Filter>
    </ClCompile>
    <ClCompile Include="d2ce\Character.cpp">
      <Filter>Source Files\d2ce</Filter>
    </ClCompile>
    <ClCompile Include="d2ce\CharacterStats.cpp">
      <Filter>Source Files\d2ce</Filter>
    </ClCompile>
    <ClCompile Include="d2ce\Item.cpp">
      <Filter>Source Files\d2ce</Filter>
    </ClCompile>
  </ItemGroup>
  <ItemGroup>
    <ResourceCompile Include="D2Editor.rc">
      <Filter>Resource Files</Filter>
    </ResourceCompile>
  </ItemGroup>
  <ItemGroup>
    <None Include="res\D2Editor.rc2">
      <Filter>Resource Files</Filter>
    </None>
  </ItemGroup>
  <ItemGroup>
    <Image Include="res\D2Editor.ico">
      <Filter>Resource Files</Filter>
    </Image>
    <Image Include="res\CharStats.bmp">
      <Filter>Resource Files</Filter>
    </Image>
    <Image Include="res\quest.bmp">
      <Filter>Resource Files</Filter>
    </Image>
    <Image Include="res\skill.bmp">
      <Filter>Resource Files</Filter>
    </Image>
    <Image Include="res\exit.bmp">
      <Filter>Resource Files</Filter>
    </Image>
    <Image Include="res\waypoint.bmp">
      <Filter>Resource Files</Filter>
    </Image>
    <Image Include="res\maxStats.bmp">
      <Filter>Resource Files</Filter>
    </Image>
    <Image Include="res\stasLeft.bmp">
      <Filter>Resource Files</Filter>
    </Image>
  </ItemGroup>
</Project>